
Microsoft Visual Studio Solution File, Format Version 12.00
# Visual Studio Version 18
VisualStudioVersion = 18.6.11819.183
MinimumVisualStudioVersion = 10.0.40219.1
Project("{2150E333-8FDC-42A3-9474-1A3956D46DE8}") = "Core", "Core", "{44A6A565-6D27-4981-9FA3-47265DEA35AF}"
EndProject
Project("{FAE04EC0-301F-11D3-BF4B-00C04F79EFBC}") = "Elevator.Core", "Elevator.Core\Elevator.Core.csproj", "{08D23C03-EEAD-4F60-839A-1C41835C38B9}"
EndProject
Project("{FAE04EC0-301F-11D3-BF4B-00C04F79EFBC}") = "Elevator.Core.Hosting", "Elevator.Core.Hosting\Elevator.Core.Hosting.csproj", "{2ACE5668-159A-453D-BE91-089BDB51E1CC}"
EndProject
Project("{FAE04EC0-301F-11D3-BF4B-00C04F79EFBC}") = "Elevator.Core.Testing", "Elevator.Core.Testing\Elevator.Core.Testing.csproj", "{F3EB668D-2A5B-46AF-A0D5-CF0B3DA29755}"
EndProject
Project("{FAE04EC0-301F-11D3-BF4B-00C04F79EFBC}") = "ConsoleSim", "ConsoleSim\ConsoleSim.csproj", "{60593280-E65C-4FD8-9A32-6A458F63A40F}"
EndProject
Project("{FAE04EC0-301F-11D3-BF4B-00C04F79EFBC}") = "WebApplication", "WebApplication\WebApplication.csproj", "{4DCF62A6-07C5-44FD-A88C-43C804106CC7}"
EndProject
Global
	GlobalSection(SolutionConfigurationPlatforms) = preSolution
		Debug|Any CPU = Debug|Any CPU
		Release|Any CPU = Release|Any CPU
	EndGlobalSection
	GlobalSection(ProjectConfigurationPlatforms) = postSolution
		{08D23C03-EEAD-4F60-839A-1C41835C38B9}.Debug|Any CPU.ActiveCfg = Debug|Any CPU
		{08D23C03-EEAD-4F60-839A-1C41835C38B9}.Debug|Any CPU.Build.0 = Debug|Any CPU
		{08D23C03-EEAD-4F60-839A-1C41835C38B9}.Release|Any CPU.ActiveCfg = Release|Any CPU
		{08D23C03-EEAD-4F60-839A-1C41835C38B9}.Release|Any CPU.Build.0 = Release|Any CPU
		{2ACE5668-159A-453D-BE91-089BDB51E1CC}.Debug|Any CPU.ActiveCfg = Debug|Any CPU
		{2ACE5668-159A-453D-BE91-089BDB51E1CC}.Debug|Any CPU.Build.0 = Debug|Any CPU
		{2ACE5668-159A-453D-BE91-089BDB51E1CC}.Release|Any CPU.ActiveCfg = Release|Any CPU
		{2ACE5668-159A-453D-BE91-089BDB51E1CC}.Release|Any CPU.Build.0 = Release|Any CPU
		{F3EB668D-2A5B-46AF-A0D5-CF0B3DA29755}.Debug|Any CPU.ActiveCfg = Debug|Any CPU
		{F3EB668D-2A5B-46AF-A0D5-CF0B3DA29755}.Debug|Any CPU.Build.0 = Debug|Any CPU
		{F3EB668D-2A5B-46AF-A0D5-CF0B3DA29755}.Release|Any CPU.ActiveCfg = Release|Any CPU
		{F3EB668D-2A5B-46AF-A0D5-CF0B3DA29755}.Release|Any CPU.Build.0 = Release|Any CPU
		{60593280-E65C-4FD8-9A32-6A458F63A40F}.Debug|Any CPU.ActiveCfg = Debug|Any CPU
		{60593280-E65C-4FD8-9A32-6A458F63A40F}.Debug|Any CPU.Build.0 = Debug|Any CPU
		{60593280-E65C-4FD8-9A32-6A458F63A40F}.Release|Any CPU.ActiveCfg = Release|Any CPU
		{60593280-E65C-4FD8-9A32-6A458F63A40F}.Release|Any CPU.Build.0 = Release|Any CPU
		{4DCF62A6-07C5-44FD-A88C-43C804106CC7}.Debug|Any CPU.ActiveCfg = Debug|Any CPU
		{4DCF62A6-07C5-44FD-A88C-43C804106CC7}.Debug|Any CPU.Build.0 = Debug|Any CPU
		{4DCF62A6-07C5-44FD-A88C-43C804106CC7}.Release|Any CPU.ActiveCfg = Release|Any CPU
		{4DCF62A6-07C5-44FD-A88C-43C804106CC7}.Release|Any CPU.Build.0 = Release|Any CPU
	EndGlobalSection
	GlobalSection(SolutionProperties) = preSolution
		HideSolutionNode = FALSE
	EndGlobalSection
	GlobalSection(NestedProjects) = preSolution
		{08D23C03-EEAD-4F60-839A-1C41835C38B9} = {44A6A565-6D27-4981-9FA3-47265DEA35AF}
		{2ACE5668-159A-453D-BE91-089BDB51E1CC} = {44A6A565-6D27-4981-9FA3-47265DEA35AF}
		{F3EB668D-2A5B-46AF-A0D5-CF0B3DA29755} = {44A6A565-6D27-4981-9FA3-47265DEA35AF}
	EndGlobalSection
	GlobalSection(ExtensibilityGlobals) = postSolution
		SolutionGuid = {772A013D-C896-4C6C-9D43-BF63A04D57CC}
	EndGlobalSection
EndGlobal
